Microsoft Visual Studio Solution File, Format Version 11.00
# Visual Studio 2010
Project("{8BC9CEB8-8B4A-11D0-8D11-00A0C91BC942}") = "libdispatch", "libdispatch\libdispatch.vcxproj", "{CBF40332-6E32-11E0-B7C7-61F84824019B}"
EndProject
Project("{8BC9CEB8-8B4A-11D0-8D11-00A0C91BC942}") = "libdispatch++", "libdispatch++\libdispatch++.vcxproj", "{E58DC5B2-6E32-11E0-9453-68F84824019B}"
EndProject
Project("{8BC9CEB8-8B4A-11D0-8D11-00A0C91BC942}") = "libdispatchtest", "libdispatchtest\libdispatchtest.vcxproj", "{C03FAE17-C6C1-4650-BB1E-A3EF066D49C0}"
EndProject
Global
	GlobalSection(TestCaseManagementSettings) = postSolution
		CategoryFile = libdispatch.vsmdi
	EndGlobalSection
	GlobalSection(SolutionConfigurationPlatforms) = preSolution
		DLLDebug|Win32 = DLLDebug|Win32
		DLLDebug|x64 = DLLDebug|x64
		DLLRelease|Win32 = DLLRelease|Win32
		DLLRelease|x64 = DLLRelease|x64
		StaticDebug|Win32 = StaticDebug|Win32
		StaticDebug|x64 = StaticDebug|x64
		StaticRelease|Win32 = StaticRelease|Win32
		StaticRelease|x64 = StaticRelease|x64
	EndGlobalSection
	GlobalSection(ProjectConfigurationPlatforms) = postSolution
		{CBF40332-6E32-11E0-B7C7-61F84824019B}.DLLDebug|Win32.ActiveCfg = DLLDebug|Win32
		{CBF40332-6E32-11E0-B7C7-61F84824019B}.DLLDebug|Win32.Build.0 = DLLDebug|Win32
		{CBF40332-6E32-11E0-B7C7-61F84824019B}.DLLDebug|x64.ActiveCfg = DLLDebug|x64
		{CBF40332-6E32-11E0-B7C7-61F84824019B}.DLLDebug|x64.Build.0 = DLLDebug|x64
		{CBF40332-6E32-11E0-B7C7-61F84824019B}.DLLRelease|Win32.ActiveCfg = DLLRelease|Win32
		{CBF40332-6E32-11E0-B7C7-61F84824019B}.DLLRelease|Win32.Build.0 = DLLRelease|Win32
		{CBF40332-6E32-11E0-B7C7-61F84824019B}.DLLRelease|x64.ActiveCfg = DLLRelease|x64
		{CBF40332-6E32-11E0-B7C7-61F84824019B}.DLLRelease|x64.Build.0 = DLLRelease|x64
		{CBF40332-6E32-11E0-B7C7-61F84824019B}.StaticDebug|Win32.ActiveCfg = StaticDebug|Win32
		{CBF40332-6E32-11E0-B7C7-61F84824019B}.StaticDebug|Win32.Build.0 = StaticDebug|Win32
		{CBF40332-6E32-11E0-B7C7-61F84824019B}.StaticDebug|x64.ActiveCfg = StaticDebug|x64
		{CBF40332-6E32-11E0-B7C7-61F84824019B}.StaticDebug|x64.Build.0 = StaticDebug|x64
		{CBF40332-6E32-11E0-B7C7-61F84824019B}.StaticRelease|Win32.ActiveCfg = StaticRelease|Win32
		{CBF40332-6E32-11E0-B7C7-61F84824019B}.StaticRelease|Win32.Build.0 = StaticRelease|Win32
		{CBF40332-6E32-11E0-B7C7-61F84824019B}.StaticRelease|x64.ActiveCfg = StaticRelease|x64
		{CBF40332-6E32-11E0-B7C7-61F84824019B}.StaticRelease|x64.Build.0 = StaticRelease|x64
		{E58DC5B2-6E32-11E0-9453-68F84824019B}.DLLDebug|Win32.ActiveCfg = DLLDebug|Win32
		{E58DC5B2-6E32-11E0-9453-68F84824019B}.DLLDebug|Win32.Build.0 = DLLDebug|Win32
		{E58DC5B2-6E32-11E0-9453-68F84824019B}.DLLDebug|x64.ActiveCfg = DLLDebug|x64
		{E58DC5B2-6E32-11E0-9453-68F84824019B}.DLLDebug|x64.Build.0 = DLLDebug|x64
		{E58DC5B2-6E32-11E0-9453-68F84824019B}.DLLRelease|Win32.ActiveCfg = DLLRelease|Win32
		{E58DC5B2-6E32-11E0-9453-68F84824019B}.DLLRelease|Win32.Build.0 = DLLRelease|Win32
		{E58DC5B2-6E32-11E0-9453-68F84824019B}.DLLRelease|x64.ActiveCfg = DLLRelease|x64
		{E58DC5B2-6E32-11E0-9453-68F84824019B}.DLLRelease|x64.Build.0 = DLLRelease|x64
		{E58DC5B2-6E32-11E0-9453-68F84824019B}.StaticDebug|Win32.ActiveCfg = StaticDebug|Win32
		{E58DC5B2-6E32-11E0-9453-68F84824019B}.StaticDebug|Win32.Build.0 = StaticDebug|Win32
		{E58DC5B2-6E32-11E0-9453-68F84824019B}.StaticDebug|x64.ActiveCfg = StaticDebug|x64
		{E58DC5B2-6E32-11E0-9453-68F84824019B}.StaticDebug|x64.Build.0 = StaticDebug|x64
		{E58DC5B2-6E32-11E0-9453-68F84824019B}.StaticRelease|Win32.ActiveCfg = StaticRelease|Win32
		{E58DC5B2-6E32-11E0-9453-68F84824019B}.StaticRelease|Win32.Build.0 = StaticRelease|Win32
		{E58DC5B2-6E32-11E0-9453-68F84824019B}.StaticRelease|x64.ActiveCfg = StaticRelease|x64
		{E58DC5B2-6E32-11E0-9453-68F84824019B}.StaticRelease|x64.Build.0 = StaticRelease|x64
		{C03FAE17-C6C1-4650-BB1E-A3EF066D49C0}.DLLDebug|Win32.ActiveCfg = DLLDebug|Win32
		{C03FAE17-C6C1-4650-BB1E-A3EF066D49C0}.DLLDebug|Win32.Build.0 = DLLDebug|Win32
		{C03FAE17-C6C1-4650-BB1E-A3EF066D49C0}.DLLDebug|x64.ActiveCfg = DLLDebug|x64
		{C03FAE17-C6C1-4650-BB1E-A3EF066D49C0}.DLLDebug|x64.Build.0 = DLLDebug|x64
		{C03FAE17-C6C1-4650-BB1E-A3EF066D49C0}.DLLRelease|Win32.ActiveCfg = DLLRelease|Win32
		{C03FAE17-C6C1-4650-BB1E-A3EF066D49C0}.DLLRelease|Win32.Build.0 = DLLRelease|Win32
		{C03FAE17-C6C1-4650-BB1E-A3EF066D49C0}.DLLRelease|x64.ActiveCfg = DLLRelease|x64
		{C03FAE17-C6C1-4650-BB1E-A3EF066D49C0}.DLLRelease|x64.Build.0 = DLLRelease|x64
		{C03FAE17-C6C1-4650-BB1E-A3EF066D49C0}.StaticDebug|Win32.ActiveCfg = StaticDebug|Win32
		{C03FAE17-C6C1-4650-BB1E-A3EF066D49C0}.StaticDebug|Win32.Build.0 = StaticDebug|Win32
		{C03FAE17-C6C1-4650-BB1E-A3EF066D49C0}.StaticDebug|x64.ActiveCfg = StaticDebug|x64
		{C03FAE17-C6C1-4650-BB1E-A3EF066D49C0}.StaticDebug|x64.Build.0 = StaticDebug|x64
		{C03FAE17-C6C1-4650-BB1E-A3EF066D49C0}.StaticRelease|Win32.ActiveCfg = StaticRelease|Win32
		{C03FAE17-C6C1-4650-BB1E-A3EF066D49C0}.StaticRelease|Win32.Build.0 = StaticRelease|Win32
		{C03FAE17-C6C1-4650-BB1E-A3EF066D49C0}.StaticRelease|x64.ActiveCfg = StaticRelease|x64
		{C03FAE17-C6C1-4650-BB1E-A3EF066D49C0}.StaticRelease|x64.Build.0 = StaticRelease|x64
	EndGlobalSection
	GlobalSection(SolutionProperties) = preSolution
		HideSolutionNode = FALSE
	EndGlobalSection
EndGlobal
