<?xml version="1.0" encoding="utf-8"?>
<Project ToolsVersion="4.0" xmlns="http://schemas.microsoft.com/developer/msbuild/2003">
  <ItemGroup>
    <Filter Include="Source Files">
      <UniqueIdentifier>{4FC737F1-C7A5-4376-A066-2A32D752A2FF}</UniqueIdentifier>
      <Extensions>cpp;c;cc;cxx;def;odl;idl;hpj;bat;asm;asmx</Extensions>
    </Filter>
    <Filter Include="Header Files">
      <UniqueIdentifier>{93995380-89BD-4b04-88EB-625FBE52EBFB}</UniqueIdentifier>
      <Extensions>h;hpp;hxx;hm;inl;inc;xsd</Extensions>
    </Filter>
    <Filter Include="Resource Files">
      <UniqueIdentifier>{67DA6AB6-F800-4c08-8B7A-83BB121AAD01}</UniqueIdentifier>
      <Extensions>rc;ico;cur;bmp;dlg;rc2;rct;bin;rgs;gif;jpg;jpeg;jpe;resx;tiff;tif;png;wav;mfcribbon-ms</Extensions>
    </Filter>
  </ItemGroup>
  <ItemGroup>
    <None Include="readme.txt" />
    <None Include="Makefile.mak" />
  </ItemGroup>
  <ItemGroup>
    <ClCompile Include="src\dispatch_api.c">
      <Filter>Source Files</Filter>
    </ClCompile>
    <ClCompile Include="src\dispatch_test.c">
      <Filter>Source Files</Filter>
    </ClCompile>
    <ClCompile Include="src\dispatch_apply.c">
      <Filter>Source Files</Filter>
    </ClCompile>
    <ClCompile Include="src\dispatch_after.c">
      <Filter>Source Files</Filter>
    </ClCompile>
    <ClCompile Include="src\dispatch_drift.c">
      <Filter>Source Files</Filter>
    </ClCompile>
    <ClCompile Include="src\dispatch_group.c">
      <Filter>Source Files</Filter>
    </ClCompile>
    <ClCompile Include="src\dispatch_sema.c">
      <Filter>Source Files</Filter>
    </ClCompile>
    <ClCompile Include="src\dispatch_priority.c">
      <Filter>Source Files</Filter>
    </ClCompile>
    <ClCompile Include="src\dispatch_cascade.c">
      <Filter>Source Files</Filter>
    </ClCompile>
    <ClCompile Include="src\dispatch_starfish.c">
      <Filter>Source Files</Filter>
    </ClCompile>
    <ClCompile Include="src\dispatch_pingpong.c">
      <Filter>Source Files</Filter>
    </ClCompile>
    <ClCompile Include="src\dispatch_debug.c">
      <Filter>Source Files</Filter>
    </ClCompile>
    <ClCompile Include="src\dispatch_timer_set_time.c">
      <Filter>Source Files</Filter>
    </ClCompile>
    <ClCompile Include="src\dispatch_readsync.c">
      <Filter>Source Files</Filter>
    </ClCompile>
    <ClCompile Include="src\dispatch_plusplus.cpp">
      <Filter>Source Files</Filter>
    </ClCompile>
    <ClCompile Include="src\dispatch_windows.cpp">
      <Filter>Source Files</Filter>
    </ClCompile>
  </ItemGroup>
  <ItemGroup>
    <ClInclude Include="src\dispatch_test.h">
      <Filter>Header Files</Filter>
    </ClInclude>
    <ClInclude Include="src\os_shims.h">
      <Filter>Header Files</Filter>
    </ClInclude>
  </ItemGroup>
</Project>